
Microsoft Visual Studio Solution File, Format Version 12.00
# Visual Studio Version 17
VisualStudioVersion = 17.0.31903.59
MinimumVisualStudioVersion = 10.0.40219.1
Project("{FAE04EC0-301F-11D3-BF4B-00C04F79EFBC}") = "TornametTracker", "TornametTracker.csproj", "{23287AFD-4471-46E9-A6FE-F9E2FC9E01EB}"
EndProject
Global
	GlobalSection(SolutionConfigurationPlatforms) = preSolution
		Debug|Any CPU = Debug|Any CPU
		Release|Any CPU = Release|Any CPU
	EndGlobalSection
	GlobalSection(ProjectConfigurationPlatforms) = postSolution
		{23287AFD-4471-46E9-A6FE-F9E2FC9E01EB}.Debug|Any CPU.ActiveCfg = Debug|Any CPU
		{23287AFD-4471-46E9-A6FE-F9E2FC9E01EB}.Debug|Any CPU.Build.0 = Debug|Any CPU
		{23287AFD-4471-46E9-A6FE-F9E2FC9E01EB}.Release|Any CPU.ActiveCfg = Release|Any CPU
		{23287AFD-4471-46E9-A6FE-F9E2FC9E01EB}.Release|Any CPU.Build.0 = Release|Any CPU
	EndGlobalSection
	GlobalSection(SolutionProperties) = preSolution
		HideSolutionNode = FALSE
	EndGlobalSection
	GlobalSection(ExtensibilityGlobals) = postSolution
		SolutionGuid = {6E56785E-5078-4840-B536-4512978ABCDC}
	EndGlobalSection
EndGlobal
